
Microsoft Visual Studio Solution File, Format Version 12.00
# Visual Studio Version 17
VisualStudioVersion = 17.5.33424.131
MinimumVisualStudioVersion = 10.0.40219.1
Project("{FAE04EC0-301F-11D3-BF4B-00C04F79EFBC}") = "fukuv0518", "fukuv0518\fukuv0518.csproj", "{82EF2221-F282-431E-A954-9C7225727FC7}"
EndProject
Global
	GlobalSection(SolutionConfigurationPlatforms) = preSolution
		Debug|Any CPU = Debug|Any CPU
		Release|Any CPU = Release|Any CPU
	EndGlobalSection
	GlobalSection(ProjectConfigurationPlatforms) = postSolution
		{82EF2221-F282-431E-A954-9C7225727FC7}.Debug|Any CPU.ActiveCfg = Debug|Any CPU
		{82EF2221-F282-431E-A954-9C7225727FC7}.Debug|Any CPU.Build.0 = Debug|Any CPU
		{82EF2221-F282-431E-A954-9C7225727FC7}.Release|Any CPU.ActiveCfg = Release|Any CPU
		{82EF2221-F282-431E-A954-9C7225727FC7}.Release|Any CPU.Build.0 = Release|Any CPU
	EndGlobalSection
	GlobalSection(SolutionProperties) = preSolution
		HideSolutionNode = FALSE
	EndGlobalSection
	GlobalSection(ExtensibilityGlobals) = postSolution
		SolutionGuid = {99DF8D2B-0FDB-4666-88CD-113D0CC059AE}
	EndGlobalSection
EndGlobal
